Microsoft Visual Studio Solution File, Format Version 12.00
# Visual Studio Version 17
VisualStudioVersion = 17.13.35931.197
MinimumVisualStudioVersion = 10.0.40219.1
Project("{FAE04EC0-301F-11D3-BF4B-00C04F79EFBC}") = "MauiApp6", "MauiApp6\MauiApp6.csproj", "{C132C6B8-92D3-4582-B58A-BB1FAAE1C958}"
EndProject
Global
	GlobalSection(SolutionConfigurationPlatforms) = preSolution
		Debug|Any CPU = Debug|Any CPU
		Release|Any CPU = Release|Any CPU
	EndGlobalSection
	GlobalSection(ProjectConfigurationPlatforms) = postSolution
		{C132C6B8-92D3-4582-B58A-BB1FAAE1C958}.Debug|Any CPU.ActiveCfg = Debug|Any CPU
		{C132C6B8-92D3-4582-B58A-BB1FAAE1C958}.Debug|Any CPU.Build.0 = Debug|Any CPU
		{C132C6B8-92D3-4582-B58A-BB1FAAE1C958}.Release|Any CPU.ActiveCfg = Release|Any CPU
		{C132C6B8-92D3-4582-B58A-BB1FAAE1C958}.Release|Any CPU.Build.0 = Release|Any CPU
	EndGlobalSection
	GlobalSection(SolutionProperties) = preSolution
		HideSolutionNode = FALSE
	EndGlobalSection
	GlobalSection(ExtensibilityGlobals) = postSolution
		SolutionGuid = {5C74903F-61E6-443F-9B6E-28BB6D917190}
	EndGlobalSection
EndGlobal
